// !$*UTF8*$!
{
	archiveVersion = 1;
	classes = {
	};
	objectVersion = 77;
	objects = {

/* Begin PBXBuildFile section */
		BDD934652CDCB12300859EA4 /* Messages.framework in Frameworks */ = {isa = PBXBuildFile; fileRef = BDD934642CDCB12300859EA4 /* Messages.framework */; };
		BDD934712CDCB12400859EA4 /* StepSquadStickers.appex in Embed Foundation Extensions */ = {isa = PBXBuildFile; fileRef = BDD934632CDCB12300859EA4 /* StepSquadStickers.appex */; settings = {ATTRIBUTES = (RemoveHeadersOnCopy, ); }; };
/* End PBXBuildFile section */

/* Begin PBXContainerItemProxy section */
		BDD9346F2CDCB12400859EA4 /* PBXContainerItemProxy */ = {
			isa = PBXContainerItemProxy;
			containerPortal = BDD309BA2CBA62C3003EDC28 /* Project object */;
			proxyType = 1;
			remoteGlobalIDString = BDD934622CDCB12300859EA4;
			remoteInfo = StepSquadStickers;
		};
/* End PBXContainerItemProxy section */

/* Begin PBXCopyFilesBuildPhase section */
		BDD30A1C2CBA6388003EDC28 /* Embed Foundation Extensions */ = {
			isa = PBXCopyFilesBuildPhase;
			buildActionMask = 2147483647;
			dstPath = "";
			dstSubfolderSpec = 13;
			files = (
				BDD934712CDCB12400859EA4 /* StepSquadStickers.appex in Embed Foundation Extensions */,
			);
			name = "Embed Foundation Extensions";
			runOnlyForDeploymentPostprocessing = 0;
		};
/* End PBXCopyFilesBuildPhase section */

/* Begin PBXFileReference section */
		1B997D832CD1B5F700F7CDC5 /* StepSquad.entitlements */ = {isa = PBXFileReference; lastKnownFileType = text.plist.entitlements; path = StepSquad.entitlements; sourceTree = "<group>"; };
		BDD309C22CBA62C3003EDC28 /* StepSquad.app */ = {isa = PBXFileReference; explicitFileType = wrapper.application; includeInIndex = 0; path = StepSquad.app; sourceTree = BUILT_PRODUCTS_DIR; };
		BDD934632CDCB12300859EA4 /* StepSquadStickers.appex */ = {isa = PBXFileReference; explicitFileType = "wrapper.app-extension"; includeInIndex = 0; path = StepSquadStickers.appex; sourceTree = BUILT_PRODUCTS_DIR; };
		BDD934642CDCB12300859EA4 /* Messages.framework */ = {isa = PBXFileReference; lastKnownFileType = wrapper.framework; name = Messages.framework; path = System/Library/Frameworks/Messages.framework; sourceTree = SDKROOT; };
		BDECE49C2CD35A8700AD6229 /* StepSquad-Info.plist */ = {isa = PBXFileReference; lastKnownFileType = text.plist.xml; path = "StepSquad-Info.plist"; sourceTree = "<group>"; };
/* End PBXFileReference section */

/* Begin PBXFileSystemSynchronizedBuildFileExceptionSet section */
		BDD934742CDCB12400859EA4 /* Exceptions for "StepSquadStickers" folder in "StepSquadStickers" target */ = {
			isa = PBXFileSystemSynchronizedBuildFileExceptionSet;
			membershipExceptions = (
				Info.plist,
			);
			target = BDD934622CDCB12300859EA4 /* StepSquadStickers */;
		};
/* End PBXFileSystemSynchronizedBuildFileExceptionSet section */

/* Begin PBXFileSystemSynchronizedRootGroup section */
		BDD309C42CBA62C3003EDC28 /* StepSquad */ = {
			isa = PBXFileSystemSynchronizedRootGroup;
			path = StepSquad;
			sourceTree = "<group>";
		};
		BDD934662CDCB12300859EA4 /* StepSquadStickers */ = {
			isa = PBXFileSystemSynchronizedRootGroup;
			exceptions = (
				BDD934742CDCB12400859EA4 /* Exceptions for "StepSquadStickers" folder in "StepSquadStickers" target */,
			);
			path = StepSquadStickers;
			sourceTree = "<group>";
		};
/* End PBXFileSystemSynchronizedRootGroup section */

/* Begin PBXFrameworksBuildPhase section */
		BDD309BF2CBA62C3003EDC28 /* Frameworks */ = {
			isa = PBXFrameworksBuildPhase;
			buildActionMask = 2147483647;
			files = (
			);
			runOnlyForDeploymentPostprocessing = 0;
		};
		BDD934602CDCB12300859EA4 /* Frameworks */ = {
			isa = PBXFrameworksBuildPhase;
			buildActionMask = 2147483647;
			files = (
				BDD934652CDCB12300859EA4 /* Messages.framework in Frameworks */,
			);
			runOnlyForDeploymentPostprocessing = 0;
		};
/* End PBXFrameworksBuildPhase section */

/* Begin PBXGroup section */
		BDD309B92CBA62C3003EDC28 = {
			isa = PBXGroup;
			children = (
				BDECE49C2CD35A8700AD6229 /* StepSquad-Info.plist */,
				1B997D832CD1B5F700F7CDC5 /* StepSquad.entitlements */,
				BDD309C42CBA62C3003EDC28 /* StepSquad */,
				BDD934662CDCB12300859EA4 /* StepSquadStickers */,
				BDD30A092CBA6387003EDC28 /* Frameworks */,
				BDD309C32CBA62C3003EDC28 /* Products */,
			);
			sourceTree = "<group>";
		};
		BDD309C32CBA62C3003EDC28 /* Products */ = {
			isa = PBXGroup;
			children = (
				BDD309C22CBA62C3003EDC28 /* StepSquad.app */,
				BDD934632CDCB12300859EA4 /* StepSquadStickers.appex */,
			);
			name = Products;
			sourceTree = "<group>";
		};
		BDD30A092CBA6387003EDC28 /* Frameworks */ = {
			isa = PBXGroup;
			children = (
				BDD934642CDCB12300859EA4 /* Messages.framework */,
			);
			name = Frameworks;
			sourceTree = "<group>";
		};
/* End PBXGroup section */

/* Begin PBXNativeTarget section */
		BDD309C12CBA62C3003EDC28 /* StepSquad */ = {
			isa = PBXNativeTarget;
			buildConfigurationList = BDD309D02CBA62C5003EDC28 /* Build configuration list for PBXNativeTarget "StepSquad" */;
			buildPhases = (
				BDD309BE2CBA62C3003EDC28 /* Sources */,
				BDD309BF2CBA62C3003EDC28 /* Frameworks */,
				BDD309C02CBA62C3003EDC28 /* Resources */,
				BDD30A1C2CBA6388003EDC28 /* Embed Foundation Extensions */,
			);
			buildRules = (
			);
			dependencies = (
				BDD934702CDCB12400859EA4 /* PBXTargetDependency */,
			);
			fileSystemSynchronizedGroups = (
				BDD309C42CBA62C3003EDC28 /* StepSquad */,
			);
			name = StepSquad;
			packageProductDependencies = (
			);
			productName = AppName;
			productReference = BDD309C22CBA62C3003EDC28 /* StepSquad.app */;
			productType = "com.apple.product-type.application";
		};
		BDD934622CDCB12300859EA4 /* StepSquadStickers */ = {
			isa = PBXNativeTarget;
			buildConfigurationList = BDD934752CDCB12400859EA4 /* Build configuration list for PBXNativeTarget "StepSquadStickers" */;
			buildPhases = (
				BDD9345F2CDCB12300859EA4 /* Sources */,
				BDD934602CDCB12300859EA4 /* Frameworks */,
				BDD934612CDCB12300859EA4 /* Resources */,
			);
			buildRules = (
			);
			dependencies = (
			);
			fileSystemSynchronizedGroups = (
				BDD934662CDCB12300859EA4 /* StepSquadStickers */,
			);
			name = StepSquadStickers;
			packageProductDependencies = (
			);
			productName = StepSquadStickers;
			productReference = BDD934632CDCB12300859EA4 /* StepSquadStickers.appex */;
			productType = "com.apple.product-type.app-extension.messages";
		};
/* End PBXNativeTarget section */

/* Begin PBXProject section */
		BDD309BA2CBA62C3003EDC28 /* Project object */ = {
			isa = PBXProject;
			attributes = {
				BuildIndependentTargetsInParallel = 1;
				LastSwiftUpdateCheck = 1600;
				LastUpgradeCheck = 1600;
				TargetAttributes = {
					BDD309C12CBA62C3003EDC28 = {
						CreatedOnToolsVersion = 16.0;
					};
					BDD934622CDCB12300859EA4 = {
						CreatedOnToolsVersion = 16.0;
					};
				};
			};
			buildConfigurationList = BDD309BD2CBA62C3003EDC28 /* Build configuration list for PBXProject "StepSquad" */;
			developmentRegion = en;
			hasScannedForEncodings = 0;
			knownRegions = (
				en,
				Base,
				ko,
			);
			mainGroup = BDD309B92CBA62C3003EDC28;
			minimizedProjectReferenceProxies = 1;
			preferredProjectObjectVersion = 77;
			productRefGroup = BDD309C32CBA62C3003EDC28 /* Products */;
			projectDirPath = "";
			projectRoot = "";
			targets = (
				BDD309C12CBA62C3003EDC28 /* StepSquad */,
				BDD934622CDCB12300859EA4 /* StepSquadStickers */,
			);
		};
/* End PBXProject section */

/* Begin PBXResourcesBuildPhase section */
		BDD309C02CBA62C3003EDC28 /* Resources */ = {
			isa = PBXResourcesBuildPhase;
			buildActionMask = 2147483647;
			files = (
			);
			runOnlyForDeploymentPostprocessing = 0;
		};
		BDD934612CDCB12300859EA4 /* Resources */ = {
			isa = PBXResourcesBuildPhase;
			buildActionMask = 2147483647;
			files = (
			);
			runOnlyForDeploymentPostprocessing = 0;
		};
/* End PBXResourcesBuildPhase section */

/* Begin PBXSourcesBuildPhase section */
		BDD309BE2CBA62C3003EDC28 /* Sources */ = {
			isa = PBXSourcesBuildPhase;
			buildActionMask = 2147483647;
			files = (
			);
			runOnlyForDeploymentPostprocessing = 0;
		};
		BDD9345F2CDCB12300859EA4 /* Sources */ = {
			isa = PBXSourcesBuildPhase;
			buildActionMask = 2147483647;
			files = (
			);
			runOnlyForDeploymentPostprocessing = 0;
		};
/* End PBXSourcesBuildPhase section */

/* Begin PBXTargetDependency section */
		BDD934702CDCB12400859EA4 /* PBXTargetDependency */ = {
			isa = PBXTargetDependency;
			target = BDD934622CDCB12300859EA4 /* StepSquadStickers */;
			targetProxy = BDD9346F2CDCB12400859EA4 /* PBXContainerItemProxy */;
		};
/* End PBXTargetDependency section */

/* Begin XCBuildConfiguration section */
		BDD309CE2CBA62C5003EDC28 /* Debug */ = {
			isa = XCBuildConfiguration;
			buildSettings = {
				ALWAYS_SEARCH_USER_PATHS = NO;
				ASSETCATALOG_COMPILER_GENERATE_SWIFT_ASSET_SYMBOL_EXTENSIONS = YES;
				CLANG_ANALYZER_NONNULL = YES;
				CLANG_ANALYZER_NUMBER_OBJECT_CONVERSION = YES_AGGRESSIVE;
				CLANG_CXX_LANGUAGE_STANDARD = "gnu++20";
				CLANG_ENABLE_MODULES = YES;
				CLANG_ENABLE_OBJC_ARC = YES;
				CLANG_ENABLE_OBJC_WEAK = YES;
				CLANG_WARN_BLOCK_CAPTURE_AUTORELEASING = YES;
				CLANG_WARN_BOOL_CONVERSION = YES;
				CLANG_WARN_COMMA = YES;
				CLANG_WARN_CONSTANT_CONVERSION = YES;
				CLANG_WARN_DEPRECATED_OBJC_IMPLEMENTATIONS = YES;
				CLANG_WARN_DIRECT_OBJC_ISA_USAGE = YES_ERROR;
				CLANG_WARN_DOCUMENTATION_COMMENTS = YES;
				CLANG_WARN_EMPTY_BODY = YES;
				CLANG_WARN_ENUM_CONVERSION = YES;
				CLANG_WARN_INFINITE_RECURSION = YES;
				CLANG_WARN_INT_CONVERSION = YES;
				CLANG_WARN_NON_LITERAL_NULL_CONVERSION = YES;
				CLANG_WARN_OBJC_IMPLICIT_RETAIN_SELF = YES;
				CLANG_WARN_OBJC_LITERAL_CONVERSION = YES;
				CLANG_WARN_OBJC_ROOT_CLASS = YES_ERROR;
				CLANG_WARN_QUOTED_INCLUDE_IN_FRAMEWORK_HEADER = YES;
				CLANG_WARN_RANGE_LOOP_ANALYSIS = YES;
				CLANG_WARN_STRICT_PROTOTYPES = YES;
				CLANG_WARN_SUSPICIOUS_MOVE = YES;
				CLANG_WARN_UNGUARDED_AVAILABILITY = YES_AGGRESSIVE;
				CLANG_WARN_UNREACHABLE_CODE = YES;
				CLANG_WARN__DUPLICATE_METHOD_MATCH = YES;
				COPY_PHASE_STRIP = NO;
				DEBUG_INFORMATION_FORMAT = dwarf;
				ENABLE_STRICT_OBJC_MSGSEND = YES;
				ENABLE_TESTABILITY = YES;
				ENABLE_USER_SCRIPT_SANDBOXING = YES;
				GCC_C_LANGUAGE_STANDARD = gnu17;
				GCC_DYNAMIC_NO_PIC = NO;
				GCC_NO_COMMON_BLOCKS = YES;
				GCC_OPTIMIZATION_LEVEL = 0;
				GCC_PREPROCESSOR_DEFINITIONS = (
					"DEBUG=1",
					"$(inherited)",
				);
				GCC_WARN_64_TO_32_BIT_CONVERSION = YES;
				GCC_WARN_ABOUT_RETURN_TYPE = YES_ERROR;
				GCC_WARN_UNDECLARED_SELECTOR = YES;
				GCC_WARN_UNINITIALIZED_AUTOS = YES_AGGRESSIVE;
				GCC_WARN_UNUSED_FUNCTION = YES;
				GCC_WARN_UNUSED_VARIABLE = YES;
				IPHONEOS_DEPLOYMENT_TARGET = 18.0;
				LOCALIZATION_PREFERS_STRING_CATALOGS = YES;
				MTL_ENABLE_DEBUG_INFO = INCLUDE_SOURCE;
				MTL_FAST_MATH = YES;
				ONLY_ACTIVE_ARCH = YES;
				SDKROOT = iphoneos;
				SWIFT_ACTIVE_COMPILATION_CONDITIONS = "DEBUG $(inherited)";
				SWIFT_OPTIMIZATION_LEVEL = "-Onone";
			};
			name = Debug;
		};
		BDD309CF2CBA62C5003EDC28 /* Release */ = {
			isa = XCBuildConfiguration;
			buildSettings = {
				ALWAYS_SEARCH_USER_PATHS = NO;
				ASSETCATALOG_COMPILER_GENERATE_SWIFT_ASSET_SYMBOL_EXTENSIONS = YES;
				CLANG_ANALYZER_NONNULL = YES;
				CLANG_ANALYZER_NUMBER_OBJECT_CONVERSION = YES_AGGRESSIVE;
				CLANG_CXX_LANGUAGE_STANDARD = "gnu++20";
				CLANG_ENABLE_MODULES = YES;
				CLANG_ENABLE_OBJC_ARC = YES;
				CLANG_ENABLE_OBJC_WEAK = YES;
				CLANG_WARN_BLOCK_CAPTURE_AUTORELEASING = YES;
				CLANG_WARN_BOOL_CONVERSION = YES;
				CLANG_WARN_COMMA = YES;
				CLANG_WARN_CONSTANT_CONVERSION = YES;
				CLANG_WARN_DEPRECATED_OBJC_IMPLEMENTATIONS = YES;
				CLANG_WARN_DIRECT_OBJC_ISA_USAGE = YES_ERROR;
				CLANG_WARN_DOCUMENTATION_COMMENTS = YES;
				CLANG_WARN_EMPTY_BODY = YES;
				CLANG_WARN_ENUM_CONVERSION = YES;
				CLANG_WARN_INFINITE_RECURSION = YES;
				CLANG_WARN_INT_CONVERSION = YES;
				CLANG_WARN_NON_LITERAL_NULL_CONVERSION = YES;
				CLANG_WARN_OBJC_IMPLICIT_RETAIN_SELF = YES;
				CLANG_WARN_OBJC_LITERAL_CONVERSION = YES;
				CLANG_WARN_OBJC_ROOT_CLASS = YES_ERROR;
				CLANG_WARN_QUOTED_INCLUDE_IN_FRAMEWORK_HEADER = YES;
				CLANG_WARN_RANGE_LOOP_ANALYSIS = YES;
				CLANG_WARN_STRICT_PROTOTYPES = YES;
				CLANG_WARN_SUSPICIOUS_MOVE = YES;
				CLANG_WARN_UNGUARDED_AVAILABILITY = YES_AGGRESSIVE;
				CLANG_WARN_UNREACHABLE_CODE = YES;
				CLANG_WARN__DUPLICATE_METHOD_MATCH = YES;
				COPY_PHASE_STRIP = NO;
				DEBUG_INFORMATION_FORMAT = "dwarf-with-dsym";
				ENABLE_NS_ASSERTIONS = NO;
				ENABLE_STRICT_OBJC_MSGSEND = YES;
				ENABLE_USER_SCRIPT_SANDBOXING = YES;
				GCC_C_LANGUAGE_STANDARD = gnu17;
				GCC_NO_COMMON_BLOCKS = YES;
				GCC_WARN_64_TO_32_BIT_CONVERSION = YES;
				GCC_WARN_ABOUT_RETURN_TYPE = YES_ERROR;
				GCC_WARN_UNDECLARED_SELECTOR = YES;
				GCC_WARN_UNINITIALIZED_AUTOS = YES_AGGRESSIVE;
				GCC_WARN_UNUSED_FUNCTION = YES;
				GCC_WARN_UNUSED_VARIABLE = YES;
				IPHONEOS_DEPLOYMENT_TARGET = 18.0;
				LOCALIZATION_PREFERS_STRING_CATALOGS = YES;
				MTL_ENABLE_DEBUG_INFO = NO;
				MTL_FAST_MATH = YES;
				SDKROOT = iphoneos;
				SWIFT_COMPILATION_MODE = wholemodule;
				VALIDATE_PRODUCT = YES;
			};
			name = Release;
		};
		BDD309D12CBA62C5003EDC28 /* Debug */ = {
			isa = XCBuildConfiguration;
			buildSettings = {
				ASSETCATALOG_COMPILER_APPICON_NAME = AppIcon;
				ASSETCATALOG_COMPILER_GLOBAL_ACCENT_COLOR_NAME = AccentColor;
				CODE_SIGN_ENTITLEMENTS = StepSquad.entitlements;
				CODE_SIGN_IDENTITY = "Apple Development";
				CODE_SIGN_STYLE = Automatic;
				CURRENT_PROJECT_VERSION = 2.0.1;
				DEVELOPMENT_ASSET_PATHS = "\"StepSquad/Preview Content\"";
				DEVELOPMENT_TEAM = AZ7B294WMJ;
				ENABLE_PREVIEWS = YES;
				GENERATE_INFOPLIST_FILE = YES;
				INFOPLIST_FILE = "StepSquad-Info.plist";
				INFOPLIST_KEY_NFCReaderUsageDescription = "계단 인증을 위한 NFC 스캔이 필요합니다.";
				INFOPLIST_KEY_NSHealthClinicalHealthRecordsShareUsageDescription = "Need to check flights climbed";
				INFOPLIST_KEY_NSHealthShareUsageDescription = "Need to check flights climbed";
				INFOPLIST_KEY_NSHealthUpdateUsageDescription = "Need to check flights climbed";
				INFOPLIST_KEY_UIApplicationSceneManifest_Generation = YES;
				INFOPLIST_KEY_UIApplicationSupportsIndirectInputEvents = YES;
				INFOPLIST_KEY_UILaunchScreen_Generation = YES;
				INFOPLIST_KEY_UISupportedInterfaceOrientations = UIInterfaceOrientationPortrait;
				INFOPLIST_KEY_UISupportedInterfaceOrientations_iPad = "UIInterfaceOrientationLandscapeLeft UIInterfaceOrientationLandscapeRight UIInterfaceOrientationPortrait UIInterfaceOrientationPortraitUpsideDown";
				INFOPLIST_KEY_UIUserInterfaceStyle = Light;
				IPHONEOS_DEPLOYMENT_TARGET = 17.0;
				LD_RUNPATH_SEARCH_PATHS = (
					"$(inherited)",
					"@executable_path/Frameworks",
				);
				MARKETING_VERSION = 2.0.1;
				PRODUCT_BUNDLE_IDENTIFIER = kr.45SeekDance.2024;
				PRODUCT_NAME = "$(TARGET_NAME)";
				PROVISIONING_PROFILE_SPECIFIER = "";
				SUPPORTED_PLATFORMS = "iphoneos iphonesimulator";
				SUPPORTS_MACCATALYST = NO;
				SUPPORTS_MAC_DESIGNED_FOR_IPHONE_IPAD = NO;
				SUPPORTS_XR_DESIGNED_FOR_IPHONE_IPAD = NO;
				SWIFT_EMIT_LOC_STRINGS = YES;
				SWIFT_VERSION = 5.0;
				TARGETED_DEVICE_FAMILY = 1;
			};
			name = Debug;
		};
		BDD309D22CBA62C5003EDC28 /* Release */ = {
			isa = XCBuildConfiguration;
			buildSettings = {
				ASSETCATALOG_COMPILER_APPICON_NAME = AppIcon;
				ASSETCATALOG_COMPILER_GLOBAL_ACCENT_COLOR_NAME = AccentColor;
				CODE_SIGN_ENTITLEMENTS = StepSquad.entitlements;
				CODE_SIGN_IDENTITY = "Apple Development";
				CODE_SIGN_STYLE = Automatic;
				CURRENT_PROJECT_VERSION = 2.0.1;
				DEVELOPMENT_ASSET_PATHS = "\"StepSquad/Preview Content\"";
				DEVELOPMENT_TEAM = AZ7B294WMJ;
				ENABLE_PREVIEWS = YES;
				GENERATE_INFOPLIST_FILE = YES;
				INFOPLIST_FILE = "StepSquad-Info.plist";
				INFOPLIST_KEY_NFCReaderUsageDescription = "계단 인증을 위한 NFC 스캔이 필요합니다.";
				INFOPLIST_KEY_NSHealthClinicalHealthRecordsShareUsageDescription = "Need to check flights climbed";
				INFOPLIST_KEY_NSHealthShareUsageDescription = "Need to check flights climbed";
				INFOPLIST_KEY_NSHealthUpdateUsageDescription = "Need to check flights climbed";
				INFOPLIST_KEY_UIApplicationSceneManifest_Generation = YES;
				INFOPLIST_KEY_UIApplicationSupportsIndirectInputEvents = YES;
				INFOPLIST_KEY_UILaunchScreen_Generation = YES;
				INFOPLIST_KEY_UISupportedInterfaceOrientations = UIInterfaceOrientationPortrait;
				INFOPLIST_KEY_UISupportedInterfaceOrientations_iPad = "UIInterfaceOrientationLandscapeLeft UIInterfaceOrientationLandscapeRight UIInterfaceOrientationPortrait UIInterfaceOrientationPortraitUpsideDown";
				INFOPLIST_KEY_UIUserInterfaceStyle = Light;
				IPHONEOS_DEPLOYMENT_TARGET = 17.0;
				LD_RUNPATH_SEARCH_PATHS = (
					"$(inherited)",
					"@executable_path/Frameworks",
				);
				MARKETING_VERSION = 2.0.1;
				PRODUCT_BUNDLE_IDENTIFIER = kr.45SeekDance.2024;
				PRODUCT_NAME = "$(TARGET_NAME)";
				PROVISIONING_PROFILE_SPECIFIER = "";
				SUPPORTED_PLATFORMS = "iphoneos iphonesimulator";
				SUPPORTS_MACCATALYST = NO;
				SUPPORTS_MAC_DESIGNED_FOR_IPHONE_IPAD = NO;
				SUPPORTS_XR_DESIGNED_FOR_IPHONE_IPAD = NO;
				SWIFT_EMIT_LOC_STRINGS = YES;
				SWIFT_VERSION = 5.0;
				TARGETED_DEVICE_FAMILY = 1;
			};
			name = Release;
		};
		BDD934722CDCB12400859EA4 /* Debug */ = {
			isa = XCBuildConfiguration;
			buildSettings = {
				ASSETCATALOG_COMPILER_APPICON_NAME = "iMessage App Icon";
				CODE_SIGN_ENTITLEMENTS = StepSquadStickers/StepSquadStickers.entitlements;
				CODE_SIGN_IDENTITY = "Apple Development";
				CODE_SIGN_STYLE = Automatic;
				CURRENT_PROJECT_VERSION = 2.0.1;
				DEVELOPMENT_TEAM = AZ7B294WMJ;
				GENERATE_INFOPLIST_FILE = YES;
				INFOPLIST_FILE = StepSquadStickers/Info.plist;
				INFOPLIST_KEY_CFBundleDisplayName = StepSquadStickers;
				INFOPLIST_KEY_NSHumanReadableCopyright = "";
				IPHONEOS_DEPLOYMENT_TARGET = 17;
				LD_RUNPATH_SEARCH_PATHS = (
					"$(inherited)",
					"@executable_path/Frameworks",
					"@executable_path/../../Frameworks",
				);
				MARKETING_VERSION = 2.0.1;
				PRODUCT_BUNDLE_IDENTIFIER = kr.45SeekDance.2024.StepSquadStickers;
				PRODUCT_NAME = "$(TARGET_NAME)";
				PROVISIONING_PROFILE_SPECIFIER = "";
				SKIP_INSTALL = YES;
				SUPPORTED_PLATFORMS = "iphoneos iphonesimulator";
				SUPPORTS_MACCATALYST = NO;
				SUPPORTS_MAC_DESIGNED_FOR_IPHONE_IPAD = NO;
				SUPPORTS_XR_DESIGNED_FOR_IPHONE_IPAD = NO;
				SWIFT_EMIT_LOC_STRINGS = YES;
				SWIFT_VERSION = 5.0;
				TARGETED_DEVICE_FAMILY = 1;
			};
			name = Debug;
		};
		BDD934732CDCB12400859EA4 /* Release */ = {
			isa = XCBuildConfiguration;
			buildSettings = {
				ASSETCATALOG_COMPILER_APPICON_NAME = "iMessage App Icon";
				CODE_SIGN_ENTITLEMENTS = StepSquadStickers/StepSquadStickers.entitlements;
				CODE_SIGN_IDENTITY = "Apple Development";
				CODE_SIGN_STYLE = Automatic;
				CURRENT_PROJECT_VERSION = 2.0.1;
				DEVELOPMENT_TEAM = AZ7B294WMJ;
				GENERATE_INFOPLIST_FILE = YES;
				INFOPLIST_FILE = StepSquadStickers/Info.plist;
				INFOPLIST_KEY_CFBundleDisplayName = StepSquadStickers;
				INFOPLIST_KEY_NSHumanReadableCopyright = "";
				IPHONEOS_DEPLOYMENT_TARGET = 17;
				LD_RUNPATH_SEARCH_PATHS = (
					"$(inherited)",
					"@executable_path/Frameworks",
					"@executable_path/../../Frameworks",
				);
				MARKETING_VERSION = 2.0.1;
				PRODUCT_BUNDLE_IDENTIFIER = kr.45SeekDance.2024.StepSquadStickers;
				PRODUCT_NAME = "$(TARGET_NAME)";
				PROVISIONING_PROFILE_SPECIFIER = "";
				SKIP_INSTALL = YES;
				SUPPORTED_PLATFORMS = "iphoneos iphonesimulator";
				SUPPORTS_MACCATALYST = NO;
				SUPPORTS_MAC_DESIGNED_FOR_IPHONE_IPAD = NO;
				SUPPORTS_XR_DESIGNED_FOR_IPHONE_IPAD = NO;
				SWIFT_EMIT_LOC_STRINGS = YES;
				SWIFT_VERSION = 5.0;
				TARGETED_DEVICE_FAMILY = 1;
			};
			name = Release;
		};
/* End XCBuildConfiguration section */

/* Begin XCConfigurationList section */
		BDD309BD2CBA62C3003EDC28 /* Build configuration list for PBXProject "StepSquad" */ = {
			isa = XCConfigurationList;
			buildConfigurations = (
				BDD309CE2CBA62C5003EDC28 /* Debug */,
				BDD309CF2CBA62C5003EDC28 /* Release */,
			);
			defaultConfigurationIsVisible = 0;
			defaultConfigurationName = Release;
		};
		BDD309D02CBA62C5003EDC28 /* Build configuration list for PBXNativeTarget "StepSquad" */ = {
			isa = XCConfigurationList;
			buildConfigurations = (
				BDD309D12CBA62C5003EDC28 /* Debug */,
				BDD309D22CBA62C5003EDC28 /* Release */,
			);
			defaultConfigurationIsVisible = 0;
			defaultConfigurationName = Release;
		};
		BDD934752CDCB12400859EA4 /* Build configuration list for PBXNativeTarget "StepSquadStickers" */ = {
			isa = XCConfigurationList;
			buildConfigurations = (
				BDD934722CDCB12400859EA4 /* Debug */,
				BDD934732CDCB12400859EA4 /* Release */,
			);
			defaultConfigurationIsVisible = 0;
			defaultConfigurationName = Release;
		};
/* End XCConfigurationList section */
	};
	rootObject = BDD309BA2CBA62C3003EDC28 /* Project object */;
}
