// !$*UTF8*$!
{
	archiveVersion = 1;
	classes = {
	};
	objectVersion = 77;
	objects = {

/* Begin PBXBuildFile section */
		1B051B132D420AD400E7EC73 /* RiveRuntime in Frameworks */ = {isa = PBXBuildFile; productRef = 1B051B122D420AD400E7EC73 /* RiveRuntime */; };
		1BC5BF302D49B9B2008DBDC9 /* EffectsLibrary in Frameworks */ = {isa = PBXBuildFile; productRef = 1BC5BF2F2D49B9B2008DBDC9 /* EffectsLibrary */; };
		BDC8DCA52CF5E44900C74796 /* StepSquadStickers.appex in Embed Foundation Extensions */ = {isa = PBXBuildFile; fileRef = BDC8DC9E2CF5E44800C74796 /* StepSquadStickers.appex */; settings = {ATTRIBUTES = (RemoveHeadersOnCopy, ); }; };
		BDE8C0A82CFC761D0060CDA7 /* WidgetKit.framework in Frameworks */ = {isa = PBXBuildFile; fileRef = BDE8C0A72CFC761D0060CDA7 /* WidgetKit.framework */; };
		BDE8C0AA2CFC761D0060CDA7 /* SwiftUI.framework in Frameworks */ = {isa = PBXBuildFile; fileRef = BDE8C0A92CFC761D0060CDA7 /* SwiftUI.framework */; };
		BDE8C0B52CFC761E0060CDA7 /* StepSquadWidgetExtension.appex in Embed Foundation Extensions */ = {isa = PBXBuildFile; fileRef = BDE8C0A62CFC761D0060CDA7 /* StepSquadWidgetExtension.appex */; settings = {ATTRIBUTES = (RemoveHeadersOnCopy, ); }; };
/* End PBXBuildFile section */

/* Begin PBXContainerItemProxy section */
		BDC8DCA32CF5E44900C74796 /* PBXContainerItemProxy */ = {
			isa = PBXContainerItemProxy;
			containerPortal = BDD309BA2CBA62C3003EDC28 /* Project object */;
			proxyType = 1;
			remoteGlobalIDString = BDC8DC9D2CF5E44800C74796;
			remoteInfo = StepSquadStickers;
		};
		BDE8C0B32CFC761E0060CDA7 /* PBXContainerItemProxy */ = {
			isa = PBXContainerItemProxy;
			containerPortal = BDD309BA2CBA62C3003EDC28 /* Project object */;
			proxyType = 1;
			remoteGlobalIDString = BDE8C0A52CFC761D0060CDA7;
			remoteInfo = StepSquadWidgetExtension;
		};
/* End PBXContainerItemProxy section */

/* Begin PBXCopyFilesBuildPhase section */
		BDD30A1C2CBA6388003EDC28 /* Embed Foundation Extensions */ = {
			isa = PBXCopyFilesBuildPhase;
			buildActionMask = 2147483647;
			dstPath = "";
			dstSubfolderSpec = 13;
			files = (
				BDC8DCA52CF5E44900C74796 /* StepSquadStickers.appex in Embed Foundation Extensions */,
				BDE8C0B52CFC761E0060CDA7 /* StepSquadWidgetExtension.appex in Embed Foundation Extensions */,
			);
			name = "Embed Foundation Extensions";
			runOnlyForDeploymentPostprocessing = 0;
		};
/* End PBXCopyFilesBuildPhase section */

/* Begin PBXFileReference section */
		1B997D832CD1B5F700F7CDC5 /* StepSquad.entitlements */ = {isa = PBXFileReference; lastKnownFileType = text.plist.entitlements; path = StepSquad.entitlements; sourceTree = "<group>"; };
		BDC8DC9E2CF5E44800C74796 /* StepSquadStickers.appex */ = {isa = PBXFileReference; explicitFileType = "wrapper.app-extension"; includeInIndex = 0; path = StepSquadStickers.appex; sourceTree = BUILT_PRODUCTS_DIR; };
		BDD309C22CBA62C3003EDC28 /* StepSquad.app */ = {isa = PBXFileReference; explicitFileType = wrapper.application; includeInIndex = 0; path = StepSquad.app; sourceTree = BUILT_PRODUCTS_DIR; };
		BDE8C0A62CFC761D0060CDA7 /* StepSquadWidgetExtension.appex */ = {isa = PBXFileReference; explicitFileType = "wrapper.app-extension"; includeInIndex = 0; path = StepSquadWidgetExtension.appex; sourceTree = BUILT_PRODUCTS_DIR; };
		BDE8C0A72CFC761D0060CDA7 /* WidgetKit.framework */ = {isa = PBXFileReference; lastKnownFileType = wrapper.framework; name = WidgetKit.framework; path = System/Library/Frameworks/WidgetKit.framework; sourceTree = SDKROOT; };
		BDE8C0A92CFC761D0060CDA7 /* SwiftUI.framework */ = {isa = PBXFileReference; lastKnownFileType = wrapper.framework; name = SwiftUI.framework; path = System/Library/Frameworks/SwiftUI.framework; sourceTree = SDKROOT; };
		BDE8C10D2CFC7C180060CDA7 /* StepSquadWidgetExtension.entitlements */ = {isa = PBXFileReference; lastKnownFileType = text.plist.entitlements; path = StepSquadWidgetExtension.entitlements; sourceTree = "<group>"; };
		BDECE49C2CD35A8700AD6229 /* StepSquad-Info.plist */ = {isa = PBXFileReference; lastKnownFileType = text.plist.xml; path = "StepSquad-Info.plist"; sourceTree = "<group>"; };
/* End PBXFileReference section */

/* Begin PBXFileSystemSynchronizedBuildFileExceptionSet section */
		BDC8DCA62CF5E44900C74796 /* Exceptions for "StepSquadStickers" folder in "StepSquadStickers" target */ = {
			isa = PBXFileSystemSynchronizedBuildFileExceptionSet;
			membershipExceptions = (
				Info.plist,
			);
			target = BDC8DC9D2CF5E44800C74796 /* StepSquadStickers */;
		};
		BDE8C0B62CFC761E0060CDA7 /* Exceptions for "StepSquadWidget" folder in "StepSquadWidgetExtension" target */ = {
			isa = PBXFileSystemSynchronizedBuildFileExceptionSet;
			membershipExceptions = (
				Info.plist,
			);
			target = BDE8C0A52CFC761D0060CDA7 /* StepSquadWidgetExtension */;
		};
/* End PBXFileSystemSynchronizedBuildFileExceptionSet section */

/* Begin PBXFileSystemSynchronizedRootGroup section */
		BDC8DC9F2CF5E44800C74796 /* StepSquadStickers */ = {
			isa = PBXFileSystemSynchronizedRootGroup;
			exceptions = (
				BDC8DCA62CF5E44900C74796 /* Exceptions for "StepSquadStickers" folder in "StepSquadStickers" target */,
			);
			path = StepSquadStickers;
			sourceTree = "<group>";
		};
		BDD309C42CBA62C3003EDC28 /* StepSquad */ = {
			isa = PBXFileSystemSynchronizedRootGroup;
			path = StepSquad;
			sourceTree = "<group>";
		};
		BDE8C0AB2CFC761D0060CDA7 /* StepSquadWidget */ = {
			isa = PBXFileSystemSynchronizedRootGroup;
			exceptions = (
				BDE8C0B62CFC761E0060CDA7 /* Exceptions for "StepSquadWidget" folder in "StepSquadWidgetExtension" target */,
			);
			path = StepSquadWidget;
			sourceTree = "<group>";
		};
/* End PBXFileSystemSynchronizedRootGroup section */

/* Begin PBXFrameworksBuildPhase section */
		BDD309BF2CBA62C3003EDC28 /* Frameworks */ = {
			isa = PBXFrameworksBuildPhase;
			buildActionMask = 2147483647;
			files = (
				1B051B132D420AD400E7EC73 /* RiveRuntime in Frameworks */,
				1BC5BF302D49B9B2008DBDC9 /* EffectsLibrary in Frameworks */,
			);
			runOnlyForDeploymentPostprocessing = 0;
		};
		BDE8C0A32CFC761D0060CDA7 /* Frameworks */ = {
			isa = PBXFrameworksBuildPhase;
			buildActionMask = 2147483647;
			files = (
				BDE8C0AA2CFC761D0060CDA7 /* SwiftUI.framework in Frameworks */,
				BDE8C0A82CFC761D0060CDA7 /* WidgetKit.framework in Frameworks */,
			);
			runOnlyForDeploymentPostprocessing = 0;
		};
/* End PBXFrameworksBuildPhase section */

/* Begin PBXGroup section */
		BDD309B92CBA62C3003EDC28 = {
			isa = PBXGroup;
			children = (
				BDE8C10D2CFC7C180060CDA7 /* StepSquadWidgetExtension.entitlements */,
				BDECE49C2CD35A8700AD6229 /* StepSquad-Info.plist */,
				1B997D832CD1B5F700F7CDC5 /* StepSquad.entitlements */,
				BDD309C42CBA62C3003EDC28 /* StepSquad */,
				BDC8DC9F2CF5E44800C74796 /* StepSquadStickers */,
				BDE8C0AB2CFC761D0060CDA7 /* StepSquadWidget */,
				BDD30A092CBA6387003EDC28 /* Frameworks */,
				BDD309C32CBA62C3003EDC28 /* Products */,
			);
			sourceTree = "<group>";
		};
		BDD309C32CBA62C3003EDC28 /* Products */ = {
			isa = PBXGroup;
			children = (
				BDD309C22CBA62C3003EDC28 /* StepSquad.app */,
				BDC8DC9E2CF5E44800C74796 /* StepSquadStickers.appex */,
				BDE8C0A62CFC761D0060CDA7 /* StepSquadWidgetExtension.appex */,
			);
			name = Products;
			sourceTree = "<group>";
		};
		BDD30A092CBA6387003EDC28 /* Frameworks */ = {
			isa = PBXGroup;
			children = (
				BDE8C0A72CFC761D0060CDA7 /* WidgetKit.framework */,
				BDE8C0A92CFC761D0060CDA7 /* SwiftUI.framework */,
			);
			name = Frameworks;
			sourceTree = "<group>";
		};
/* End PBXGroup section */

/* Begin PBXNativeTarget section */
		BDC8DC9D2CF5E44800C74796 /* StepSquadStickers */ = {
			isa = PBXNativeTarget;
			buildConfigurationList = BDC8DCA72CF5E44900C74796 /* Build configuration list for PBXNativeTarget "StepSquadStickers" */;
			buildPhases = (
				BDC8DC9C2CF5E44800C74796 /* Resources */,
			);
			buildRules = (
			);
			dependencies = (
			);
			fileSystemSynchronizedGroups = (
				BDC8DC9F2CF5E44800C74796 /* StepSquadStickers */,
			);
			name = StepSquadStickers;
			packageProductDependencies = (
			);
			productName = StepSquadStickers;
			productReference = BDC8DC9E2CF5E44800C74796 /* StepSquadStickers.appex */;
			productType = "com.apple.product-type.app-extension.messages-sticker-pack";
		};
		BDD309C12CBA62C3003EDC28 /* StepSquad */ = {
			isa = PBXNativeTarget;
			buildConfigurationList = BDD309D02CBA62C5003EDC28 /* Build configuration list for PBXNativeTarget "StepSquad" */;
			buildPhases = (
				BDD309BE2CBA62C3003EDC28 /* Sources */,
				BDD309BF2CBA62C3003EDC28 /* Frameworks */,
				BDD309C02CBA62C3003EDC28 /* Resources */,
				BDD30A1C2CBA6388003EDC28 /* Embed Foundation Extensions */,
			);
			buildRules = (
			);
			dependencies = (
				BDC8DCA42CF5E44900C74796 /* PBXTargetDependency */,
				BDE8C0B42CFC761E0060CDA7 /* PBXTargetDependency */,
			);
			fileSystemSynchronizedGroups = (
				BDD309C42CBA62C3003EDC28 /* StepSquad */,
			);
			name = StepSquad;
			packageProductDependencies = (
				1B051B122D420AD400E7EC73 /* RiveRuntime */,
				1BC5BF2F2D49B9B2008DBDC9 /* EffectsLibrary */,
			);
			productName = AppName;
			productReference = BDD309C22CBA62C3003EDC28 /* StepSquad.app */;
			productType = "com.apple.product-type.application";
		};
		BDE8C0A52CFC761D0060CDA7 /* StepSquadWidgetExtension */ = {
			isa = PBXNativeTarget;
			buildConfigurationList = BDE8C0B72CFC761E0060CDA7 /* Build configuration list for PBXNativeTarget "StepSquadWidgetExtension" */;
			buildPhases = (
				BDE8C0A22CFC761D0060CDA7 /* Sources */,
				BDE8C0A32CFC761D0060CDA7 /* Frameworks */,
				BDE8C0A42CFC761D0060CDA7 /* Resources */,
			);
			buildRules = (
			);
			dependencies = (
			);
			fileSystemSynchronizedGroups = (
				BDE8C0AB2CFC761D0060CDA7 /* StepSquadWidget */,
			);
			name = StepSquadWidgetExtension;
			packageProductDependencies = (
			);
			productName = StepSquadWidgetExtension;
			productReference = BDE8C0A62CFC761D0060CDA7 /* StepSquadWidgetExtension.appex */;
			productType = "com.apple.product-type.app-extension";
		};
/* End PBXNativeTarget section */

/* Begin PBXProject section */
		BDD309BA2CBA62C3003EDC28 /* Project object */ = {
			isa = PBXProject;
			attributes = {
				BuildIndependentTargetsInParallel = 1;
				LastSwiftUpdateCheck = 1610;
				LastUpgradeCheck = 1600;
				TargetAttributes = {
					BDC8DC9D2CF5E44800C74796 = {
						CreatedOnToolsVersion = 16.0;
					};
					BDD309C12CBA62C3003EDC28 = {
						CreatedOnToolsVersion = 16.0;
					};
					BDE8C0A52CFC761D0060CDA7 = {
						CreatedOnToolsVersion = 16.1;
					};
				};
			};
			buildConfigurationList = BDD309BD2CBA62C3003EDC28 /* Build configuration list for PBXProject "StepSquad" */;
			developmentRegion = ko;
			hasScannedForEncodings = 0;
			knownRegions = (
				en,
				Base,
				ko,
			);
			mainGroup = BDD309B92CBA62C3003EDC28;
			minimizedProjectReferenceProxies = 1;
			packageReferences = (
				1BA96D6F2D4202E50002D27D /* XCRemoteSwiftPackageReference "rive-ios" */,
				1BC5BF2E2D49B9B2008DBDC9 /* XCRemoteSwiftPackageReference "effects-library" */,
			);
			preferredProjectObjectVersion = 77;
			productRefGroup = BDD309C32CBA62C3003EDC28 /* Products */;
			projectDirPath = "";
			projectRoot = "";
			targets = (
				BDD309C12CBA62C3003EDC28 /* StepSquad */,
				BDC8DC9D2CF5E44800C74796 /* StepSquadStickers */,
				BDE8C0A52CFC761D0060CDA7 /* StepSquadWidgetExtension */,
			);
		};
/* End PBXProject section */

/* Begin PBXResourcesBuildPhase section */
		BDC8DC9C2CF5E44800C74796 /* Resources */ = {
			isa = PBXResourcesBuildPhase;
			buildActionMask = 2147483647;
			files = (
			);
			runOnlyForDeploymentPostprocessing = 0;
		};
		BDD309C02CBA62C3003EDC28 /* Resources */ = {
			isa = PBXResourcesBuildPhase;
			buildActionMask = 2147483647;
			files = (
			);
			runOnlyForDeploymentPostprocessing = 0;
		};
		BDE8C0A42CFC761D0060CDA7 /* Resources */ = {
			isa = PBXResourcesBuildPhase;
			buildActionMask = 2147483647;
			files = (
			);
			runOnlyForDeploymentPostprocessing = 0;
		};
/* End PBXResourcesBuildPhase section */

/* Begin PBXSourcesBuildPhase section */
		BDD309BE2CBA62C3003EDC28 /* Sources */ = {
			isa = PBXSourcesBuildPhase;
			buildActionMask = 2147483647;
			files = (
			);
			runOnlyForDeploymentPostprocessing = 0;
		};
		BDE8C0A22CFC761D0060CDA7 /* Sources */ = {
			isa = PBXSourcesBuildPhase;
			buildActionMask = 2147483647;
			files = (
			);
			runOnlyForDeploymentPostprocessing = 0;
		};
/* End PBXSourcesBuildPhase section */

/* Begin PBXTargetDependency section */
		BDC8DCA42CF5E44900C74796 /* PBXTargetDependency */ = {
			isa = PBXTargetDependency;
			target = BDC8DC9D2CF5E44800C74796 /* StepSquadStickers */;
			targetProxy = BDC8DCA32CF5E44900C74796 /* PBXContainerItemProxy */;
		};
		BDE8C0B42CFC761E0060CDA7 /* PBXTargetDependency */ = {
			isa = PBXTargetDependency;
			target = BDE8C0A52CFC761D0060CDA7 /* StepSquadWidgetExtension */;
			targetProxy = BDE8C0B32CFC761E0060CDA7 /* PBXContainerItemProxy */;
		};
/* End PBXTargetDependency section */

/* Begin XCBuildConfiguration section */
		BDC8DCA82CF5E44900C74796 /* Debug */ = {
			isa = XCBuildConfiguration;
			buildSettings = {
				ASSETCATALOG_COMPILER_APPICON_NAME = "iMessage App Icon";
				CODE_SIGN_IDENTITY = "Apple Development";
				"CODE_SIGN_IDENTITY[sdk=iphoneos*]" = "iPhone Developer";
				CODE_SIGN_STYLE = Manual;
				CURRENT_PROJECT_VERSION = 2.2.1;
				DEVELOPMENT_TEAM = "";
				"DEVELOPMENT_TEAM[sdk=iphoneos*]" = AZ7B294WMJ;
				GENERATE_INFOPLIST_FILE = YES;
				INFOPLIST_FILE = StepSquadStickers/Info.plist;
				INFOPLIST_KEY_CFBundleDisplayName = StepSquadStickers;
				INFOPLIST_KEY_NSStickerSharingLevel = OS;
				IPHONEOS_DEPLOYMENT_TARGET = 17;
				MARKETING_VERSION = 2.2.1;
				NEW_SETTING = "";
				PRODUCT_BUNDLE_IDENTIFIER = kr.45SeekDance.2024.StepSquadStickers;
				PRODUCT_NAME = "$(TARGET_NAME)";
				PROVISIONING_PROFILE_SPECIFIER = "";
				"PROVISIONING_PROFILE_SPECIFIER[sdk=iphoneos*]" = imessageStickerExtension;
				SKIP_INSTALL = YES;
				SUPPORTED_PLATFORMS = "iphoneos iphonesimulator";
				SUPPORTS_MACCATALYST = NO;
				SUPPORTS_MAC_DESIGNED_FOR_IPHONE_IPAD = NO;
				SUPPORTS_XR_DESIGNED_FOR_IPHONE_IPAD = NO;
				SWIFT_EMIT_LOC_STRINGS = YES;
				TARGETED_DEVICE_FAMILY = 1;
			};
			name = Debug;
		};
		BDC8DCA92CF5E44900C74796 /* Release */ = {
			isa = XCBuildConfiguration;
			buildSettings = {
				ASSETCATALOG_COMPILER_APPICON_NAME = "iMessage App Icon";
				CODE_SIGN_IDENTITY = "Apple Development";
				"CODE_SIGN_IDENTITY[sdk=iphoneos*]" = "iPhone Developer";
				CODE_SIGN_STYLE = Manual;
				CURRENT_PROJECT_VERSION = 2.2.1;
				DEVELOPMENT_TEAM = "";
				"DEVELOPMENT_TEAM[sdk=iphoneos*]" = AZ7B294WMJ;
				GENERATE_INFOPLIST_FILE = YES;
				INFOPLIST_FILE = StepSquadStickers/Info.plist;
				INFOPLIST_KEY_CFBundleDisplayName = StepSquadStickers;
				INFOPLIST_KEY_NSStickerSharingLevel = OS;
				IPHONEOS_DEPLOYMENT_TARGET = 17;
				MARKETING_VERSION = 2.2.1;
				NEW_SETTING = "";
				PRODUCT_BUNDLE_IDENTIFIER = kr.45SeekDance.2024.StepSquadStickers;
				PRODUCT_NAME = "$(TARGET_NAME)";
				PROVISIONING_PROFILE_SPECIFIER = "";
				"PROVISIONING_PROFILE_SPECIFIER[sdk=iphoneos*]" = imessageStickerExtension;
				SKIP_INSTALL = YES;
				SUPPORTED_PLATFORMS = "iphoneos iphonesimulator";
				SUPPORTS_MACCATALYST = NO;
				SUPPORTS_MAC_DESIGNED_FOR_IPHONE_IPAD = NO;
				SUPPORTS_XR_DESIGNED_FOR_IPHONE_IPAD = NO;
				SWIFT_EMIT_LOC_STRINGS = YES;
				TARGETED_DEVICE_FAMILY = 1;
			};
			name = Release;
		};
		BDD309CE2CBA62C5003EDC28 /* Debug */ = {
			isa = XCBuildConfiguration;
			buildSettings = {
				ALWAYS_SEARCH_USER_PATHS = NO;
				ASSETCATALOG_COMPILER_GENERATE_SWIFT_ASSET_SYMBOL_EXTENSIONS = YES;
				CLANG_ANALYZER_NONNULL = YES;
				CLANG_ANALYZER_NUMBER_OBJECT_CONVERSION = YES_AGGRESSIVE;
				CLANG_CXX_LANGUAGE_STANDARD = "gnu++20";
				CLANG_ENABLE_MODULES = YES;
				CLANG_ENABLE_OBJC_ARC = YES;
				CLANG_ENABLE_OBJC_WEAK = YES;
				CLANG_WARN_BLOCK_CAPTURE_AUTORELEASING = YES;
				CLANG_WARN_BOOL_CONVERSION = YES;
				CLANG_WARN_COMMA = YES;
				CLANG_WARN_CONSTANT_CONVERSION = YES;
				CLANG_WARN_DEPRECATED_OBJC_IMPLEMENTATIONS = YES;
				CLANG_WARN_DIRECT_OBJC_ISA_USAGE = YES_ERROR;
				CLANG_WARN_DOCUMENTATION_COMMENTS = YES;
				CLANG_WARN_EMPTY_BODY = YES;
				CLANG_WARN_ENUM_CONVERSION = YES;
				CLANG_WARN_INFINITE_RECURSION = YES;
				CLANG_WARN_INT_CONVERSION = YES;
				CLANG_WARN_NON_LITERAL_NULL_CONVERSION = YES;
				CLANG_WARN_OBJC_IMPLICIT_RETAIN_SELF = YES;
				CLANG_WARN_OBJC_LITERAL_CONVERSION = YES;
				CLANG_WARN_OBJC_ROOT_CLASS = YES_ERROR;
				CLANG_WARN_QUOTED_INCLUDE_IN_FRAMEWORK_HEADER = YES;
				CLANG_WARN_RANGE_LOOP_ANALYSIS = YES;
				CLANG_WARN_STRICT_PROTOTYPES = YES;
				CLANG_WARN_SUSPICIOUS_MOVE = YES;
				CLANG_WARN_UNGUARDED_AVAILABILITY = YES_AGGRESSIVE;
				CLANG_WARN_UNREACHABLE_CODE = YES;
				CLANG_WARN__DUPLICATE_METHOD_MATCH = YES;
				COPY_PHASE_STRIP = NO;
				DEBUG_INFORMATION_FORMAT = dwarf;
				ENABLE_STRICT_OBJC_MSGSEND = YES;
				ENABLE_TESTABILITY = YES;
				ENABLE_USER_SCRIPT_SANDBOXING = YES;
				GCC_C_LANGUAGE_STANDARD = gnu17;
				GCC_DYNAMIC_NO_PIC = NO;
				GCC_NO_COMMON_BLOCKS = YES;
				GCC_OPTIMIZATION_LEVEL = 0;
				GCC_PREPROCESSOR_DEFINITIONS = (
					"DEBUG=1",
					"$(inherited)",
				);
				GCC_WARN_64_TO_32_BIT_CONVERSION = YES;
				GCC_WARN_ABOUT_RETURN_TYPE = YES_ERROR;
				GCC_WARN_UNDECLARED_SELECTOR = YES;
				GCC_WARN_UNINITIALIZED_AUTOS = YES_AGGRESSIVE;
				GCC_WARN_UNUSED_FUNCTION = YES;
				GCC_WARN_UNUSED_VARIABLE = YES;
				IPHONEOS_DEPLOYMENT_TARGET = 18.0;
				LOCALIZATION_PREFERS_STRING_CATALOGS = YES;
				MTL_ENABLE_DEBUG_INFO = INCLUDE_SOURCE;
				MTL_FAST_MATH = YES;
				ONLY_ACTIVE_ARCH = YES;
				SDKROOT = iphoneos;
				SWIFT_ACTIVE_COMPILATION_CONDITIONS = "DEBUG $(inherited)";
				SWIFT_OPTIMIZATION_LEVEL = "-Onone";
			};
			name = Debug;
		};
		BDD309CF2CBA62C5003EDC28 /* Release */ = {
			isa = XCBuildConfiguration;
			buildSettings = {
				ALWAYS_SEARCH_USER_PATHS = NO;
				ASSETCATALOG_COMPILER_GENERATE_SWIFT_ASSET_SYMBOL_EXTENSIONS = YES;
				CLANG_ANALYZER_NONNULL = YES;
				CLANG_ANALYZER_NUMBER_OBJECT_CONVERSION = YES_AGGRESSIVE;
				CLANG_CXX_LANGUAGE_STANDARD = "gnu++20";
				CLANG_ENABLE_MODULES = YES;
				CLANG_ENABLE_OBJC_ARC = YES;
				CLANG_ENABLE_OBJC_WEAK = YES;
				CLANG_WARN_BLOCK_CAPTURE_AUTORELEASING = YES;
				CLANG_WARN_BOOL_CONVERSION = YES;
				CLANG_WARN_COMMA = YES;
				CLANG_WARN_CONSTANT_CONVERSION = YES;
				CLANG_WARN_DEPRECATED_OBJC_IMPLEMENTATIONS = YES;
				CLANG_WARN_DIRECT_OBJC_ISA_USAGE = YES_ERROR;
				CLANG_WARN_DOCUMENTATION_COMMENTS = YES;
				CLANG_WARN_EMPTY_BODY = YES;
				CLANG_WARN_ENUM_CONVERSION = YES;
				CLANG_WARN_INFINITE_RECURSION = YES;
				CLANG_WARN_INT_CONVERSION = YES;
				CLANG_WARN_NON_LITERAL_NULL_CONVERSION = YES;
				CLANG_WARN_OBJC_IMPLICIT_RETAIN_SELF = YES;
				CLANG_WARN_OBJC_LITERAL_CONVERSION = YES;
				CLANG_WARN_OBJC_ROOT_CLASS = YES_ERROR;
				CLANG_WARN_QUOTED_INCLUDE_IN_FRAMEWORK_HEADER = YES;
				CLANG_WARN_RANGE_LOOP_ANALYSIS = YES;
				CLANG_WARN_STRICT_PROTOTYPES = YES;
				CLANG_WARN_SUSPICIOUS_MOVE = YES;
				CLANG_WARN_UNGUARDED_AVAILABILITY = YES_AGGRESSIVE;
				CLANG_WARN_UNREACHABLE_CODE = YES;
				CLANG_WARN__DUPLICATE_METHOD_MATCH = YES;
				COPY_PHASE_STRIP = NO;
				DEBUG_INFORMATION_FORMAT = "dwarf-with-dsym";
				ENABLE_NS_ASSERTIONS = NO;
				ENABLE_STRICT_OBJC_MSGSEND = YES;
				ENABLE_USER_SCRIPT_SANDBOXING = YES;
				GCC_C_LANGUAGE_STANDARD = gnu17;
				GCC_NO_COMMON_BLOCKS = YES;
				GCC_WARN_64_TO_32_BIT_CONVERSION = YES;
				GCC_WARN_ABOUT_RETURN_TYPE = YES_ERROR;
				GCC_WARN_UNDECLARED_SELECTOR = YES;
				GCC_WARN_UNINITIALIZED_AUTOS = YES_AGGRESSIVE;
				GCC_WARN_UNUSED_FUNCTION = YES;
				GCC_WARN_UNUSED_VARIABLE = YES;
				IPHONEOS_DEPLOYMENT_TARGET = 18.0;
				LOCALIZATION_PREFERS_STRING_CATALOGS = YES;
				MTL_ENABLE_DEBUG_INFO = NO;
				MTL_FAST_MATH = YES;
				SDKROOT = iphoneos;
				SWIFT_COMPILATION_MODE = wholemodule;
				VALIDATE_PRODUCT = YES;
			};
			name = Release;
		};
		BDD309D12CBA62C5003EDC28 /* Debug */ = {
			isa = XCBuildConfiguration;
			buildSettings = {
				ASSETCATALOG_COMPILER_APPICON_NAME = AppIcon;
				ASSETCATALOG_COMPILER_GLOBAL_ACCENT_COLOR_NAME = AccentColor;
				CODE_SIGN_ENTITLEMENTS = StepSquad.entitlements;
				CODE_SIGN_IDENTITY = "Apple Development";
				"CODE_SIGN_IDENTITY[sdk=iphoneos*]" = "iPhone Developer";
				CODE_SIGN_STYLE = Manual;
				CURRENT_PROJECT_VERSION = 2.2.1;
				DEVELOPMENT_ASSET_PATHS = "\"StepSquad/Preview Content\"";
				DEVELOPMENT_TEAM = "";
				"DEVELOPMENT_TEAM[sdk=iphoneos*]" = AZ7B294WMJ;
				ENABLE_PREVIEWS = YES;
				GENERATE_INFOPLIST_FILE = YES;
				INFOPLIST_FILE = "StepSquad-Info.plist";
				INFOPLIST_KEY_NFCReaderUsageDescription = "계단 인증을 위한 NFC 스캔이 필요합니다.";
				INFOPLIST_KEY_NSHealthClinicalHealthRecordsShareUsageDescription = "We will use your health information\nto track the number of flights of stairs walked";
				INFOPLIST_KEY_NSHealthShareUsageDescription = "We will use your health information\nto track the number of flights of stairs walked";
				INFOPLIST_KEY_NSHealthUpdateUsageDescription = "We will use your health information\nto track the number of flights of stairs walked";
				INFOPLIST_KEY_NSLocationUsageDescription = "GPS 인증을 위한 위치 확인이 필요합니다.";
				INFOPLIST_KEY_NSLocationWhenInUseUsageDescription = "GPS 인증을 위한 위치 확인이 필요합니다.";
				INFOPLIST_KEY_UIApplicationSceneManifest_Generation = YES;
				INFOPLIST_KEY_UIApplicationSupportsIndirectInputEvents = YES;
				INFOPLIST_KEY_UILaunchScreen_Generation = YES;
				INFOPLIST_KEY_UISupportedInterfaceOrientations = UIInterfaceOrientationPortrait;
				INFOPLIST_KEY_UISupportedInterfaceOrientations_iPad = "UIInterfaceOrientationLandscapeLeft UIInterfaceOrientationLandscapeRight UIInterfaceOrientationPortrait UIInterfaceOrientationPortraitUpsideDown";
				INFOPLIST_KEY_UIUserInterfaceStyle = Light;
				IPHONEOS_DEPLOYMENT_TARGET = 17.0;
				LD_RUNPATH_SEARCH_PATHS = (
					"$(inherited)",
					"@executable_path/Frameworks",
				);
				MARKETING_VERSION = 2.2.1;
				NEW_SETTING = "";
				PRODUCT_BUNDLE_IDENTIFIER = kr.45SeekDance.2024;
				PRODUCT_NAME = "$(TARGET_NAME)";
				PROVISIONING_PROFILE_SPECIFIER = "";
				"PROVISIONING_PROFILE_SPECIFIER[sdk=iphoneos*]" = stepSquadApp;
				SUPPORTED_PLATFORMS = "iphoneos iphonesimulator";
				SUPPORTS_MACCATALYST = NO;
				SUPPORTS_MAC_DESIGNED_FOR_IPHONE_IPAD = NO;
				SUPPORTS_XR_DESIGNED_FOR_IPHONE_IPAD = NO;
				SWIFT_EMIT_LOC_STRINGS = YES;
				SWIFT_VERSION = 5.0;
				TARGETED_DEVICE_FAMILY = 1;
			};
			name = Debug;
		};
		BDD309D22CBA62C5003EDC28 /* Release */ = {
			isa = XCBuildConfiguration;
			buildSettings = {
				ASSETCATALOG_COMPILER_APPICON_NAME = AppIcon;
				ASSETCATALOG_COMPILER_GLOBAL_ACCENT_COLOR_NAME = AccentColor;
				CODE_SIGN_ENTITLEMENTS = StepSquad.entitlements;
				CODE_SIGN_IDENTITY = "Apple Development";
				"CODE_SIGN_IDENTITY[sdk=iphoneos*]" = "iPhone Developer";
				CODE_SIGN_STYLE = Manual;
				CURRENT_PROJECT_VERSION = 2.2.1;
				DEVELOPMENT_ASSET_PATHS = "\"StepSquad/Preview Content\"";
				DEVELOPMENT_TEAM = "";
				"DEVELOPMENT_TEAM[sdk=iphoneos*]" = AZ7B294WMJ;
				ENABLE_PREVIEWS = YES;
				GENERATE_INFOPLIST_FILE = YES;
				INFOPLIST_FILE = "StepSquad-Info.plist";
				INFOPLIST_KEY_NFCReaderUsageDescription = "계단 인증을 위한 NFC 스캔이 필요합니다.";
				INFOPLIST_KEY_NSHealthClinicalHealthRecordsShareUsageDescription = "We will use your health information\nto track the number of flights of stairs walked";
				INFOPLIST_KEY_NSHealthShareUsageDescription = "We will use your health information\nto track the number of flights of stairs walked";
				INFOPLIST_KEY_NSHealthUpdateUsageDescription = "We will use your health information\nto track the number of flights of stairs walked";
				INFOPLIST_KEY_NSLocationUsageDescription = "GPS 인증을 위한 위치 확인이 필요합니다.";
				INFOPLIST_KEY_NSLocationWhenInUseUsageDescription = "GPS 인증을 위한 위치 확인이 필요합니다.";
				INFOPLIST_KEY_UIApplicationSceneManifest_Generation = YES;
				INFOPLIST_KEY_UIApplicationSupportsIndirectInputEvents = YES;
				INFOPLIST_KEY_UILaunchScreen_Generation = YES;
				INFOPLIST_KEY_UISupportedInterfaceOrientations = UIInterfaceOrientationPortrait;
				INFOPLIST_KEY_UISupportedInterfaceOrientations_iPad = "UIInterfaceOrientationLandscapeLeft UIInterfaceOrientationLandscapeRight UIInterfaceOrientationPortrait UIInterfaceOrientationPortraitUpsideDown";
				INFOPLIST_KEY_UIUserInterfaceStyle = Light;
				IPHONEOS_DEPLOYMENT_TARGET = 17.0;
				LD_RUNPATH_SEARCH_PATHS = (
					"$(inherited)",
					"@executable_path/Frameworks",
				);
				MARKETING_VERSION = 2.2.1;
				NEW_SETTING = "";
				PRODUCT_BUNDLE_IDENTIFIER = kr.45SeekDance.2024;
				PRODUCT_NAME = "$(TARGET_NAME)";
				PROVISIONING_PROFILE_SPECIFIER = "";
				"PROVISIONING_PROFILE_SPECIFIER[sdk=iphoneos*]" = stepSquadApp;
				SUPPORTED_PLATFORMS = "iphoneos iphonesimulator";
				SUPPORTS_MACCATALYST = NO;
				SUPPORTS_MAC_DESIGNED_FOR_IPHONE_IPAD = NO;
				SUPPORTS_XR_DESIGNED_FOR_IPHONE_IPAD = NO;
				SWIFT_EMIT_LOC_STRINGS = YES;
				SWIFT_VERSION = 5.0;
				TARGETED_DEVICE_FAMILY = 1;
			};
			name = Release;
		};
		BDE8C0B82CFC761E0060CDA7 /* Debug */ = {
			isa = XCBuildConfiguration;
			buildSettings = {
				ASSETCATALOG_COMPILER_GLOBAL_ACCENT_COLOR_NAME = AccentColor;
				ASSETCATALOG_COMPILER_WIDGET_BACKGROUND_COLOR_NAME = WidgetBackground;
				CODE_SIGN_ENTITLEMENTS = StepSquadWidgetExtension.entitlements;
				CODE_SIGN_IDENTITY = "Apple Development";
				"CODE_SIGN_IDENTITY[sdk=iphoneos*]" = "iPhone Developer";
				CODE_SIGN_STYLE = Manual;
				CURRENT_PROJECT_VERSION = 2.2.1;
				DEVELOPMENT_TEAM = "";
				"DEVELOPMENT_TEAM[sdk=iphoneos*]" = AZ7B294WMJ;
				GENERATE_INFOPLIST_FILE = YES;
				INFOPLIST_FILE = StepSquadWidget/Info.plist;
				INFOPLIST_KEY_CFBundleDisplayName = StepSquadWidget;
				INFOPLIST_KEY_NSHumanReadableCopyright = "";
				INFOPLIST_KEY_UIUserInterfaceStyle = Light;
				IPHONEOS_DEPLOYMENT_TARGET = 17;
				LD_RUNPATH_SEARCH_PATHS = (
					"$(inherited)",
					"@executable_path/Frameworks",
					"@executable_path/../../Frameworks",
				);
				MARKETING_VERSION = 2.2.1;
				PRODUCT_BUNDLE_IDENTIFIER = kr.45SeekDance.2024.StepSquadWidget;
				PRODUCT_NAME = "$(TARGET_NAME)";
				PROVISIONING_PROFILE_SPECIFIER = "";
				"PROVISIONING_PROFILE_SPECIFIER[sdk=iphoneos*]" = stepsQuadAppWidget;
				SKIP_INSTALL = YES;
				SUPPORTED_PLATFORMS = "iphoneos iphonesimulator";
				SUPPORTS_MACCATALYST = NO;
				SUPPORTS_MAC_DESIGNED_FOR_IPHONE_IPAD = NO;
				SUPPORTS_XR_DESIGNED_FOR_IPHONE_IPAD = NO;
				SWIFT_EMIT_LOC_STRINGS = YES;
				SWIFT_VERSION = 5.0;
				TARGETED_DEVICE_FAMILY = 1;
			};
			name = Debug;
		};
		BDE8C0B92CFC761E0060CDA7 /* Release */ = {
			isa = XCBuildConfiguration;
			buildSettings = {
				ASSETCATALOG_COMPILER_GLOBAL_ACCENT_COLOR_NAME = AccentColor;
				ASSETCATALOG_COMPILER_WIDGET_BACKGROUND_COLOR_NAME = WidgetBackground;
				CODE_SIGN_ENTITLEMENTS = StepSquadWidgetExtension.entitlements;
				CODE_SIGN_IDENTITY = "Apple Development";
				"CODE_SIGN_IDENTITY[sdk=iphoneos*]" = "iPhone Developer";
				CODE_SIGN_STYLE = Manual;
				CURRENT_PROJECT_VERSION = 2.2.1;
				DEVELOPMENT_TEAM = "";
				"DEVELOPMENT_TEAM[sdk=iphoneos*]" = AZ7B294WMJ;
				GENERATE_INFOPLIST_FILE = YES;
				INFOPLIST_FILE = StepSquadWidget/Info.plist;
				INFOPLIST_KEY_CFBundleDisplayName = StepSquadWidget;
				INFOPLIST_KEY_NSHumanReadableCopyright = "";
				INFOPLIST_KEY_UIUserInterfaceStyle = Light;
				IPHONEOS_DEPLOYMENT_TARGET = 17;
				LD_RUNPATH_SEARCH_PATHS = (
					"$(inherited)",
					"@executable_path/Frameworks",
					"@executable_path/../../Frameworks",
				);
				MARKETING_VERSION = 2.2.1;
				PRODUCT_BUNDLE_IDENTIFIER = kr.45SeekDance.2024.StepSquadWidget;
				PRODUCT_NAME = "$(TARGET_NAME)";
				PROVISIONING_PROFILE_SPECIFIER = "";
				"PROVISIONING_PROFILE_SPECIFIER[sdk=iphoneos*]" = stepsQuadAppWidget;
				SKIP_INSTALL = YES;
				SUPPORTED_PLATFORMS = "iphoneos iphonesimulator";
				SUPPORTS_MACCATALYST = NO;
				SUPPORTS_MAC_DESIGNED_FOR_IPHONE_IPAD = NO;
				SUPPORTS_XR_DESIGNED_FOR_IPHONE_IPAD = NO;
				SWIFT_EMIT_LOC_STRINGS = YES;
				SWIFT_VERSION = 5.0;
				TARGETED_DEVICE_FAMILY = 1;
			};
			name = Release;
		};
/* End XCBuildConfiguration section */

/* Begin XCConfigurationList section */
		BDC8DCA72CF5E44900C74796 /* Build configuration list for PBXNativeTarget "StepSquadStickers" */ = {
			isa = XCConfigurationList;
			buildConfigurations = (
				BDC8DCA82CF5E44900C74796 /* Debug */,
				BDC8DCA92CF5E44900C74796 /* Release */,
			);
			defaultConfigurationIsVisible = 0;
			defaultConfigurationName = Release;
		};
		BDD309BD2CBA62C3003EDC28 /* Build configuration list for PBXProject "StepSquad" */ = {
			isa = XCConfigurationList;
			buildConfigurations = (
				BDD309CE2CBA62C5003EDC28 /* Debug */,
				BDD309CF2CBA62C5003EDC28 /* Release */,
			);
			defaultConfigurationIsVisible = 0;
			defaultConfigurationName = Release;
		};
		BDD309D02CBA62C5003EDC28 /* Build configuration list for PBXNativeTarget "StepSquad" */ = {
			isa = XCConfigurationList;
			buildConfigurations = (
				BDD309D12CBA62C5003EDC28 /* Debug */,
				BDD309D22CBA62C5003EDC28 /* Release */,
			);
			defaultConfigurationIsVisible = 0;
			defaultConfigurationName = Release;
		};
		BDE8C0B72CFC761E0060CDA7 /* Build configuration list for PBXNativeTarget "StepSquadWidgetExtension" */ = {
			isa = XCConfigurationList;
			buildConfigurations = (
				BDE8C0B82CFC761E0060CDA7 /* Debug */,
				BDE8C0B92CFC761E0060CDA7 /* Release */,
			);
			defaultConfigurationIsVisible = 0;
			defaultConfigurationName = Release;
		};
/* End XCConfigurationList section */

/* Begin XCRemoteSwiftPackageReference section */
		1BA96D6F2D4202E50002D27D /* XCRemoteSwiftPackageReference "rive-ios" */ = {
			isa = XCRemoteSwiftPackageReference;
			repositoryURL = "https://github.com/rive-app/rive-ios";
			requirement = {
				kind = upToNextMajorVersion;
				minimumVersion = 6.5.7;
			};
		};
		1BC5BF2E2D49B9B2008DBDC9 /* XCRemoteSwiftPackageReference "effects-library" */ = {
			isa = XCRemoteSwiftPackageReference;
			repositoryURL = "https://github.com/GetStream/effects-library";
			requirement = {
				kind = upToNextMajorVersion;
				minimumVersion = 1.0.0;
			};
		};
/* End XCRemoteSwiftPackageReference section */

/* Begin XCSwiftPackageProductDependency section */
		1B051B122D420AD400E7EC73 /* RiveRuntime */ = {
			isa = XCSwiftPackageProductDependency;
			package = 1BA96D6F2D4202E50002D27D /* XCRemoteSwiftPackageReference "rive-ios" */;
			productName = RiveRuntime;
		};
		1BC5BF2F2D49B9B2008DBDC9 /* EffectsLibrary */ = {
			isa = XCSwiftPackageProductDependency;
			package = 1BC5BF2E2D49B9B2008DBDC9 /* XCRemoteSwiftPackageReference "effects-library" */;
			productName = EffectsLibrary;
		};
/* End XCSwiftPackageProductDependency section */
	};
	rootObject = BDD309BA2CBA62C3003EDC28 /* Project object */;
}
