{
  "originHash" : "0ed1a20ef167ff6bbd7e233d8316ce8089f144b9619fb921d55eb1b69ffdfd4c",
  "pins" : [
    {
      "identity" : "rive-ios",
      "kind" : "remoteSourceControl",
      "location" : "https://github.com/rive-app/rive-ios",
      "state" : {
        "revision" : "f22f0defd2f5196b0e887269c15353b9ca4e9adf",
        "version" : "6.5.9"
      }
    }
  ],
  "version" : 3
}
