{
  "originHash" : "1b3282c1ee161570ad0d503c372793ad92013f644443df6064e51eaed1d9b530",
  "pins" : [
    {
      "identity" : "effects-library",
      "kind" : "remoteSourceControl",
      "location" : "https://github.com/GetStream/effects-library",
      "state" : {
        "revision" : "09ebd8e7536aa6dd70a48042244524e895ccd2aa",
        "version" : "1.0.0"
      }
    },
    {
      "identity" : "rive-ios",
      "kind" : "remoteSourceControl",
      "location" : "https://github.com/rive-app/rive-ios",
      "state" : {
        "revision" : "00901142e93cc0ce4f54bca2b0f90eabc5ace682",
        "version" : "6.5.10"
      }
    }
  ],
  "version" : 3
}
