{
  "originHash" : "4c0bbce475ab2f78b4c40b28111fcbb3a4bc056a148c7011a688004bacc3993b",
  "pins" : [
    {
      "identity" : "effects-library",
      "kind" : "remoteSourceControl",
      "location" : "https://github.com/GetStream/effects-library",
      "state" : {
        "revision" : "09ebd8e7536aa6dd70a48042244524e895ccd2aa",
        "version" : "1.0.0"
      }
    },
    {
      "identity" : "rive-ios",
      "kind" : "remoteSourceControl",
      "location" : "https://github.com/rive-app/rive-ios",
      "state" : {
        "revision" : "f22f0defd2f5196b0e887269c15353b9ca4e9adf",
        "version" : "6.5.9"
      }
    }
  ],
  "version" : 3
}
